
Microsoft Visual Studio Solution File, Format Version 12.00
# Visual Studio 14
VisualStudioVersion = 14.0.25420.1
MinimumVisualStudioVersion = 10.0.40219.1
Project("{2150E333-8FDC-42A3-9474-1A3956D46DE8}") = "src", "src", "{D0466C9F-CE4E-492A-9E1D-2849ED21E0E4}"
EndProject
Project("{2150E333-8FDC-42A3-9474-1A3956D46DE8}") = "Solution Items", "Solution Items", "{BD5BA2AE-B566-4A23-9000-5EAE5729708C}"
	ProjectSection(SolutionItems) = preProject
		global.json = global.json
	EndProjectSection
EndProject
Project("{8BB2217D-0F2D-49D1-97BC-3654ED321F3B}") = "LabManApp", "src\LabManApp\LabManApp.xproj", "{AE08DF35-A621-4A2D-9E06-396BA7C74BC5}"
EndProject
Project("{2150E333-8FDC-42A3-9474-1A3956D46DE8}") = "UI", "UI", "{35F58F3E-48E7-4DFE-8121-DED64F6178DC}"
EndProject
Project("{2150E333-8FDC-42A3-9474-1A3956D46DE8}") = "0_DomainModel", "0_DomainModel", "{BDA90C0A-A118-4AE2-B166-5B6AFA86764B}"
EndProject
Project("{2150E333-8FDC-42A3-9474-1A3956D46DE8}") = "1_DomainServices", "1_DomainServices", "{51478879-6C67-4845-9AD1-F3B2D7D906AE}"
EndProject
Project("{2150E333-8FDC-42A3-9474-1A3956D46DE8}") = "2_ApplicationSevices", "2_ApplicationSevices", "{4B2F52E0-B915-4CA8-9C1C-B87893C3C21D}"
EndProject
Project("{2150E333-8FDC-42A3-9474-1A3956D46DE8}") = "3_Infrastructure", "3_Infrastructure", "{B8B9863B-ACE7-453B-9557-6DD810C0809E}"
EndProject
Project("{8BB2217D-0F2D-49D1-97BC-3654ED321F3B}") = "DomainModel", "DomainModel\DomainModel.xproj", "{0F8EF5E8-2FFE-4816-8CE3-611DBB5D6235}"
EndProject
Project("{8BB2217D-0F2D-49D1-97BC-3654ED321F3B}") = "DomainServices.Interfaces", "DomainServices.Interfaces\DomainServices.Interfaces.xproj", "{C30DB201-9AE8-4966-8532-1C873CFE7946}"
EndProject
Project("{8BB2217D-0F2D-49D1-97BC-3654ED321F3B}") = "DomainServices.DefaultImplementation", "DomainServices.DefaultImplementation\DomainServices.DefaultImplementation.xproj", "{D6F1CB40-C956-42B7-A03B-B19A43D9014B}"
EndProject
Project("{8BB2217D-0F2D-49D1-97BC-3654ED321F3B}") = "LabManAPI", "LabManAPI\LabManAPI.xproj", "{F957A5BA-C6A4-4489-88C6-9A16479BC89A}"
EndProject
Project("{8BB2217D-0F2D-49D1-97BC-3654ED321F3B}") = "DomainModel.Interfaces", "DomainModel.Interfaces\DomainModel.Interfaces.xproj", "{913DCAFC-03C8-455F-80E4-D2C34546523E}"
EndProject
Project("{8BB2217D-0F2D-49D1-97BC-3654ED321F3B}") = "DomainModel.EntityFramework", "DomainModel.EntityFramework\DomainModel.EntityFramework.xproj", "{74D792FC-16EA-4F12-86B7-46DFB9222C70}"
EndProject
Global
	GlobalSection(SolutionConfigurationPlatforms) = preSolution
		Debug|Any CPU = Debug|Any CPU
		Release|Any CPU = Release|Any CPU
	EndGlobalSection
	GlobalSection(ProjectConfigurationPlatforms) = postSolution
		{AE08DF35-A621-4A2D-9E06-396BA7C74BC5}.Debug|Any CPU.ActiveCfg = Debug|Any CPU
		{AE08DF35-A621-4A2D-9E06-396BA7C74BC5}.Debug|Any CPU.Build.0 = Debug|Any CPU
		{AE08DF35-A621-4A2D-9E06-396BA7C74BC5}.Release|Any CPU.ActiveCfg = Release|Any CPU
		{AE08DF35-A621-4A2D-9E06-396BA7C74BC5}.Release|Any CPU.Build.0 = Release|Any CPU
		{0F8EF5E8-2FFE-4816-8CE3-611DBB5D6235}.Debug|Any CPU.ActiveCfg = Debug|Any CPU
		{0F8EF5E8-2FFE-4816-8CE3-611DBB5D6235}.Debug|Any CPU.Build.0 = Debug|Any CPU
		{0F8EF5E8-2FFE-4816-8CE3-611DBB5D6235}.Release|Any CPU.ActiveCfg = Release|Any CPU
		{0F8EF5E8-2FFE-4816-8CE3-611DBB5D6235}.Release|Any CPU.Build.0 = Release|Any CPU
		{C30DB201-9AE8-4966-8532-1C873CFE7946}.Debug|Any CPU.ActiveCfg = Debug|Any CPU
		{C30DB201-9AE8-4966-8532-1C873CFE7946}.Debug|Any CPU.Build.0 = Debug|Any CPU
		{C30DB201-9AE8-4966-8532-1C873CFE7946}.Release|Any CPU.ActiveCfg = Release|Any CPU
		{C30DB201-9AE8-4966-8532-1C873CFE7946}.Release|Any CPU.Build.0 = Release|Any CPU
		{D6F1CB40-C956-42B7-A03B-B19A43D9014B}.Debug|Any CPU.ActiveCfg = Debug|Any CPU
		{D6F1CB40-C956-42B7-A03B-B19A43D9014B}.Debug|Any CPU.Build.0 = Debug|Any CPU
		{D6F1CB40-C956-42B7-A03B-B19A43D9014B}.Release|Any CPU.ActiveCfg = Release|Any CPU
		{D6F1CB40-C956-42B7-A03B-B19A43D9014B}.Release|Any CPU.Build.0 = Release|Any CPU
		{F957A5BA-C6A4-4489-88C6-9A16479BC89A}.Debug|Any CPU.ActiveCfg = Debug|Any CPU
		{F957A5BA-C6A4-4489-88C6-9A16479BC89A}.Debug|Any CPU.Build.0 = Debug|Any CPU
		{F957A5BA-C6A4-4489-88C6-9A16479BC89A}.Release|Any CPU.ActiveCfg = Release|Any CPU
		{F957A5BA-C6A4-4489-88C6-9A16479BC89A}.Release|Any CPU.Build.0 = Release|Any CPU
		{913DCAFC-03C8-455F-80E4-D2C34546523E}.Debug|Any CPU.ActiveCfg = Debug|Any CPU
		{913DCAFC-03C8-455F-80E4-D2C34546523E}.Debug|Any CPU.Build.0 = Debug|Any CPU
		{913DCAFC-03C8-455F-80E4-D2C34546523E}.Release|Any CPU.ActiveCfg = Release|Any CPU
		{913DCAFC-03C8-455F-80E4-D2C34546523E}.Release|Any CPU.Build.0 = Release|Any CPU
		{74D792FC-16EA-4F12-86B7-46DFB9222C70}.Debug|Any CPU.ActiveCfg = Debug|Any CPU
		{74D792FC-16EA-4F12-86B7-46DFB9222C70}.Debug|Any CPU.Build.0 = Debug|Any CPU
		{74D792FC-16EA-4F12-86B7-46DFB9222C70}.Release|Any CPU.ActiveCfg = Release|Any CPU
		{74D792FC-16EA-4F12-86B7-46DFB9222C70}.Release|Any CPU.Build.0 = Release|Any CPU
	EndGlobalSection
	GlobalSection(SolutionProperties) = preSolution
		HideSolutionNode = FALSE
	EndGlobalSection
	GlobalSection(NestedProjects) = preSolution
		{AE08DF35-A621-4A2D-9E06-396BA7C74BC5} = {35F58F3E-48E7-4DFE-8121-DED64F6178DC}
		{35F58F3E-48E7-4DFE-8121-DED64F6178DC} = {D0466C9F-CE4E-492A-9E1D-2849ED21E0E4}
		{BDA90C0A-A118-4AE2-B166-5B6AFA86764B} = {D0466C9F-CE4E-492A-9E1D-2849ED21E0E4}
		{51478879-6C67-4845-9AD1-F3B2D7D906AE} = {D0466C9F-CE4E-492A-9E1D-2849ED21E0E4}
		{4B2F52E0-B915-4CA8-9C1C-B87893C3C21D} = {D0466C9F-CE4E-492A-9E1D-2849ED21E0E4}
		{B8B9863B-ACE7-453B-9557-6DD810C0809E} = {D0466C9F-CE4E-492A-9E1D-2849ED21E0E4}
		{0F8EF5E8-2FFE-4816-8CE3-611DBB5D6235} = {BDA90C0A-A118-4AE2-B166-5B6AFA86764B}
		{C30DB201-9AE8-4966-8532-1C873CFE7946} = {51478879-6C67-4845-9AD1-F3B2D7D906AE}
		{D6F1CB40-C956-42B7-A03B-B19A43D9014B} = {51478879-6C67-4845-9AD1-F3B2D7D906AE}
		{F957A5BA-C6A4-4489-88C6-9A16479BC89A} = {4B2F52E0-B915-4CA8-9C1C-B87893C3C21D}
		{913DCAFC-03C8-455F-80E4-D2C34546523E} = {BDA90C0A-A118-4AE2-B166-5B6AFA86764B}
		{74D792FC-16EA-4F12-86B7-46DFB9222C70} = {B8B9863B-ACE7-453B-9557-6DD810C0809E}
	EndGlobalSection
EndGlobal
